
Microsoft Visual Studio Solution File, Format Version 12.00
# Visual Studio Version 17
VisualStudioVersion = 17.14.36202.13
MinimumVisualStudioVersion = 10.0.40219.1
Project("{FAE04EC0-301F-11D3-BF4B-00C04F79EFBC}") = "AutoAndroid", "AutoAndroid\AutoAndroid.csproj", "{1B809060-7753-4CC9-71EA-5D202E6DBE54}"
EndProject
Project("{FAE04EC0-301F-11D3-BF4B-00C04F79EFBC}") = "Sunny.Subdy.Data", "Sunny.Subdy.Data\Sunny.Subdy.Data.csproj", "{2AF78466-E637-4D6B-9169-54D82C12990C}"
EndProject
Project("{FAE04EC0-301F-11D3-BF4B-00C04F79EFBC}") = "Sunny.Subdy.Common", "Sunny.Subdy.Common\Sunny.Subdy.Common.csproj", "{1420A72C-A1D7-4683-9A10-8797C26E477A}"
EndProject
Project("{FAE04EC0-301F-11D3-BF4B-00C04F79EFBC}") = "SunnyUI", "SunnyUI\SunnyUI.csproj", "{AB1CB247-E20B-4CBE-B269-570ADDD96C53}"
EndProject
Project("{FAE04EC0-301F-11D3-BF4B-00C04F79EFBC}") = "Sunny.Subdy.Server", "Sunny.Subdy.Server\Sunny.Subdy.Server.csproj", "{C1138DA7-A10E-4073-B525-F672E28C9DA9}"
EndProject
Project("{FAE04EC0-301F-11D3-BF4B-00C04F79EFBC}") = "Sunny.Subdy.AutoUpdate", "Sunny.Subdy.AutoUpdate\Sunny.Subdy.AutoUpdate.csproj", "{F1A2FF68-0563-4E2B-9B05-05FE63E51DDA}"
EndProject
Project("{FAE04EC0-301F-11D3-BF4B-00C04F79EFBC}") = "Sunny.Subd.Core", "Sunny.Subd.Core\Sunny.Subd.Core.csproj", "{9A046F04-9CE2-4AA3-97D2-9D388EE3FF41}"
EndProject
Project("{FAE04EC0-301F-11D3-BF4B-00C04F79EFBC}") = "Sunny.Subdy.UI", "Sunny.Subdy.UI\Sunny.Subdy.UI.csproj", "{5F39C3BB-26E1-5FAC-5A61-38FAEE9544F1}"
EndProject
Project("{8BC9CEB8-8B4A-11D0-8D11-00A0C91BC942}") = "HttpRequestLib", "HttpRequestLib\HttpRequestLib\HttpRequestLib.vcxproj", "{B906BEC8-0745-4E9A-8488-3D84DCB7A9F2}"
EndProject
Global
	GlobalSection(SolutionConfigurationPlatforms) = preSolution
		Debug|Any CPU = Debug|Any CPU
		Debug|x64 = Debug|x64
		Debug|x86 = Debug|x86
		Release|Any CPU = Release|Any CPU
		Release|x64 = Release|x64
		Release|x86 = Release|x86
	EndGlobalSection
	GlobalSection(ProjectConfigurationPlatforms) = postSolution
		{1B809060-7753-4CC9-71EA-5D202E6DBE54}.Debug|Any CPU.ActiveCfg = Debug|Any CPU
		{1B809060-7753-4CC9-71EA-5D202E6DBE54}.Debug|Any CPU.Build.0 = Debug|Any CPU
		{1B809060-7753-4CC9-71EA-5D202E6DBE54}.Debug|x64.ActiveCfg = Debug|Any CPU
		{1B809060-7753-4CC9-71EA-5D202E6DBE54}.Debug|x64.Build.0 = Debug|Any CPU
		{1B809060-7753-4CC9-71EA-5D202E6DBE54}.Debug|x86.ActiveCfg = Debug|Any CPU
		{1B809060-7753-4CC9-71EA-5D202E6DBE54}.Debug|x86.Build.0 = Debug|Any CPU
		{1B809060-7753-4CC9-71EA-5D202E6DBE54}.Release|Any CPU.ActiveCfg = Release|Any CPU
		{1B809060-7753-4CC9-71EA-5D202E6DBE54}.Release|Any CPU.Build.0 = Release|Any CPU
		{1B809060-7753-4CC9-71EA-5D202E6DBE54}.Release|x64.ActiveCfg = Release|Any CPU
		{1B809060-7753-4CC9-71EA-5D202E6DBE54}.Release|x64.Build.0 = Release|Any CPU
		{1B809060-7753-4CC9-71EA-5D202E6DBE54}.Release|x86.ActiveCfg = Release|Any CPU
		{1B809060-7753-4CC9-71EA-5D202E6DBE54}.Release|x86.Build.0 = Release|Any CPU
		{2AF78466-E637-4D6B-9169-54D82C12990C}.Debug|Any CPU.ActiveCfg = Debug|Any CPU
		{2AF78466-E637-4D6B-9169-54D82C12990C}.Debug|Any CPU.Build.0 = Debug|Any CPU
		{2AF78466-E637-4D6B-9169-54D82C12990C}.Debug|x64.ActiveCfg = Debug|Any CPU
		{2AF78466-E637-4D6B-9169-54D82C12990C}.Debug|x64.Build.0 = Debug|Any CPU
		{2AF78466-E637-4D6B-9169-54D82C12990C}.Debug|x86.ActiveCfg = Debug|Any CPU
		{2AF78466-E637-4D6B-9169-54D82C12990C}.Debug|x86.Build.0 = Debug|Any CPU
		{2AF78466-E637-4D6B-9169-54D82C12990C}.Release|Any CPU.ActiveCfg = Release|Any CPU
		{2AF78466-E637-4D6B-9169-54D82C12990C}.Release|Any CPU.Build.0 = Release|Any CPU
		{2AF78466-E637-4D6B-9169-54D82C12990C}.Release|x64.ActiveCfg = Release|Any CPU
		{2AF78466-E637-4D6B-9169-54D82C12990C}.Release|x64.Build.0 = Release|Any CPU
		{2AF78466-E637-4D6B-9169-54D82C12990C}.Release|x86.ActiveCfg = Release|Any CPU
		{2AF78466-E637-4D6B-9169-54D82C12990C}.Release|x86.Build.0 = Release|Any CPU
		{1420A72C-A1D7-4683-9A10-8797C26E477A}.Debug|Any CPU.ActiveCfg = Debug|Any CPU
		{1420A72C-A1D7-4683-9A10-8797C26E477A}.Debug|Any CPU.Build.0 = Debug|Any CPU
		{1420A72C-A1D7-4683-9A10-8797C26E477A}.Debug|x64.ActiveCfg = Debug|Any CPU
		{1420A72C-A1D7-4683-9A10-8797C26E477A}.Debug|x64.Build.0 = Debug|Any CPU
		{1420A72C-A1D7-4683-9A10-8797C26E477A}.Debug|x86.ActiveCfg = Debug|Any CPU
		{1420A72C-A1D7-4683-9A10-8797C26E477A}.Debug|x86.Build.0 = Debug|Any CPU
		{1420A72C-A1D7-4683-9A10-8797C26E477A}.Release|Any CPU.ActiveCfg = Release|Any CPU
		{1420A72C-A1D7-4683-9A10-8797C26E477A}.Release|Any CPU.Build.0 = Release|Any CPU
		{1420A72C-A1D7-4683-9A10-8797C26E477A}.Release|x64.ActiveCfg = Release|Any CPU
		{1420A72C-A1D7-4683-9A10-8797C26E477A}.Release|x64.Build.0 = Release|Any CPU
		{1420A72C-A1D7-4683-9A10-8797C26E477A}.Release|x86.ActiveCfg = Release|Any CPU
		{1420A72C-A1D7-4683-9A10-8797C26E477A}.Release|x86.Build.0 = Release|Any CPU
		{AB1CB247-E20B-4CBE-B269-570ADDD96C53}.Debug|Any CPU.ActiveCfg = Debug|Any CPU
		{AB1CB247-E20B-4CBE-B269-570ADDD96C53}.Debug|Any CPU.Build.0 = Debug|Any CPU
		{AB1CB247-E20B-4CBE-B269-570ADDD96C53}.Debug|x64.ActiveCfg = Debug|Any CPU
		{AB1CB247-E20B-4CBE-B269-570ADDD96C53}.Debug|x64.Build.0 = Debug|Any CPU
		{AB1CB247-E20B-4CBE-B269-570ADDD96C53}.Debug|x86.ActiveCfg = Debug|Any CPU
		{AB1CB247-E20B-4CBE-B269-570ADDD96C53}.Debug|x86.Build.0 = Debug|Any CPU
		{AB1CB247-E20B-4CBE-B269-570ADDD96C53}.Release|Any CPU.ActiveCfg = Release|Any CPU
		{AB1CB247-E20B-4CBE-B269-570ADDD96C53}.Release|Any CPU.Build.0 = Release|Any CPU
		{AB1CB247-E20B-4CBE-B269-570ADDD96C53}.Release|x64.ActiveCfg = Release|Any CPU
		{AB1CB247-E20B-4CBE-B269-570ADDD96C53}.Release|x64.Build.0 = Release|Any CPU
		{AB1CB247-E20B-4CBE-B269-570ADDD96C53}.Release|x86.ActiveCfg = Release|Any CPU
		{AB1CB247-E20B-4CBE-B269-570ADDD96C53}.Release|x86.Build.0 = Release|Any CPU
		{C1138DA7-A10E-4073-B525-F672E28C9DA9}.Debug|Any CPU.ActiveCfg = Debug|Any CPU
		{C1138DA7-A10E-4073-B525-F672E28C9DA9}.Debug|Any CPU.Build.0 = Debug|Any CPU
		{C1138DA7-A10E-4073-B525-F672E28C9DA9}.Debug|x64.ActiveCfg = Debug|Any CPU
		{C1138DA7-A10E-4073-B525-F672E28C9DA9}.Debug|x64.Build.0 = Debug|Any CPU
		{C1138DA7-A10E-4073-B525-F672E28C9DA9}.Debug|x86.ActiveCfg = Debug|Any CPU
		{C1138DA7-A10E-4073-B525-F672E28C9DA9}.Debug|x86.Build.0 = Debug|Any CPU
		{C1138DA7-A10E-4073-B525-F672E28C9DA9}.Release|Any CPU.ActiveCfg = Release|Any CPU
		{C1138DA7-A10E-4073-B525-F672E28C9DA9}.Release|Any CPU.Build.0 = Release|Any CPU
		{C1138DA7-A10E-4073-B525-F672E28C9DA9}.Release|x64.ActiveCfg = Release|Any CPU
		{C1138DA7-A10E-4073-B525-F672E28C9DA9}.Release|x64.Build.0 = Release|Any CPU
		{C1138DA7-A10E-4073-B525-F672E28C9DA9}.Release|x86.ActiveCfg = Release|Any CPU
		{C1138DA7-A10E-4073-B525-F672E28C9DA9}.Release|x86.Build.0 = Release|Any CPU
		{F1A2FF68-0563-4E2B-9B05-05FE63E51DDA}.Debug|Any CPU.ActiveCfg = Debug|Any CPU
		{F1A2FF68-0563-4E2B-9B05-05FE63E51DDA}.Debug|Any CPU.Build.0 = Debug|Any CPU
		{F1A2FF68-0563-4E2B-9B05-05FE63E51DDA}.Debug|x64.ActiveCfg = Debug|Any CPU
		{F1A2FF68-0563-4E2B-9B05-05FE63E51DDA}.Debug|x64.Build.0 = Debug|Any CPU
		{F1A2FF68-0563-4E2B-9B05-05FE63E51DDA}.Debug|x86.ActiveCfg = Debug|Any CPU
		{F1A2FF68-0563-4E2B-9B05-05FE63E51DDA}.Debug|x86.Build.0 = Debug|Any CPU
		{F1A2FF68-0563-4E2B-9B05-05FE63E51DDA}.Release|Any CPU.ActiveCfg = Release|Any CPU
		{F1A2FF68-0563-4E2B-9B05-05FE63E51DDA}.Release|Any CPU.Build.0 = Release|Any CPU
		{F1A2FF68-0563-4E2B-9B05-05FE63E51DDA}.Release|x64.ActiveCfg = Release|Any CPU
		{F1A2FF68-0563-4E2B-9B05-05FE63E51DDA}.Release|x64.Build.0 = Release|Any CPU
		{F1A2FF68-0563-4E2B-9B05-05FE63E51DDA}.Release|x86.ActiveCfg = Release|Any CPU
		{F1A2FF68-0563-4E2B-9B05-05FE63E51DDA}.Release|x86.Build.0 = Release|Any CPU
		{9A046F04-9CE2-4AA3-97D2-9D388EE3FF41}.Debug|Any CPU.ActiveCfg = Debug|Any CPU
		{9A046F04-9CE2-4AA3-97D2-9D388EE3FF41}.Debug|Any CPU.Build.0 = Debug|Any CPU
		{9A046F04-9CE2-4AA3-97D2-9D388EE3FF41}.Debug|x64.ActiveCfg = Debug|Any CPU
		{9A046F04-9CE2-4AA3-97D2-9D388EE3FF41}.Debug|x64.Build.0 = Debug|Any CPU
		{9A046F04-9CE2-4AA3-97D2-9D388EE3FF41}.Debug|x86.ActiveCfg = Debug|Any CPU
		{9A046F04-9CE2-4AA3-97D2-9D388EE3FF41}.Debug|x86.Build.0 = Debug|Any CPU
		{9A046F04-9CE2-4AA3-97D2-9D388EE3FF41}.Release|Any CPU.ActiveCfg = Release|Any CPU
		{9A046F04-9CE2-4AA3-97D2-9D388EE3FF41}.Release|Any CPU.Build.0 = Release|Any CPU
		{9A046F04-9CE2-4AA3-97D2-9D388EE3FF41}.Release|x64.ActiveCfg = Release|Any CPU
		{9A046F04-9CE2-4AA3-97D2-9D388EE3FF41}.Release|x64.Build.0 = Release|Any CPU
		{9A046F04-9CE2-4AA3-97D2-9D388EE3FF41}.Release|x86.ActiveCfg = Release|Any CPU
		{9A046F04-9CE2-4AA3-97D2-9D388EE3FF41}.Release|x86.Build.0 = Release|Any CPU
		{5F39C3BB-26E1-5FAC-5A61-38FAEE9544F1}.Debug|Any CPU.ActiveCfg = Debug|Any CPU
		{5F39C3BB-26E1-5FAC-5A61-38FAEE9544F1}.Debug|Any CPU.Build.0 = Debug|Any CPU
		{5F39C3BB-26E1-5FAC-5A61-38FAEE9544F1}.Debug|x64.ActiveCfg = Debug|Any CPU
		{5F39C3BB-26E1-5FAC-5A61-38FAEE9544F1}.Debug|x64.Build.0 = Debug|Any CPU
		{5F39C3BB-26E1-5FAC-5A61-38FAEE9544F1}.Debug|x86.ActiveCfg = Debug|Any CPU
		{5F39C3BB-26E1-5FAC-5A61-38FAEE9544F1}.Debug|x86.Build.0 = Debug|Any CPU
		{5F39C3BB-26E1-5FAC-5A61-38FAEE9544F1}.Release|Any CPU.ActiveCfg = Release|Any CPU
		{5F39C3BB-26E1-5FAC-5A61-38FAEE9544F1}.Release|Any CPU.Build.0 = Release|Any CPU
		{5F39C3BB-26E1-5FAC-5A61-38FAEE9544F1}.Release|x64.ActiveCfg = Release|Any CPU
		{5F39C3BB-26E1-5FAC-5A61-38FAEE9544F1}.Release|x64.Build.0 = Release|Any CPU
		{5F39C3BB-26E1-5FAC-5A61-38FAEE9544F1}.Release|x86.ActiveCfg = Release|Any CPU
		{5F39C3BB-26E1-5FAC-5A61-38FAEE9544F1}.Release|x86.Build.0 = Release|Any CPU
		{B906BEC8-0745-4E9A-8488-3D84DCB7A9F2}.Debug|Any CPU.ActiveCfg = Debug|x64
		{B906BEC8-0745-4E9A-8488-3D84DCB7A9F2}.Debug|Any CPU.Build.0 = Debug|x64
		{B906BEC8-0745-4E9A-8488-3D84DCB7A9F2}.Debug|x64.ActiveCfg = Debug|x64
		{B906BEC8-0745-4E9A-8488-3D84DCB7A9F2}.Debug|x64.Build.0 = Debug|x64
		{B906BEC8-0745-4E9A-8488-3D84DCB7A9F2}.Debug|x86.ActiveCfg = Debug|Win32
		{B906BEC8-0745-4E9A-8488-3D84DCB7A9F2}.Debug|x86.Build.0 = Debug|Win32
		{B906BEC8-0745-4E9A-8488-3D84DCB7A9F2}.Release|Any CPU.ActiveCfg = Release|x64
		{B906BEC8-0745-4E9A-8488-3D84DCB7A9F2}.Release|Any CPU.Build.0 = Release|x64
		{B906BEC8-0745-4E9A-8488-3D84DCB7A9F2}.Release|x64.ActiveCfg = Release|x64
		{B906BEC8-0745-4E9A-8488-3D84DCB7A9F2}.Release|x64.Build.0 = Release|x64
		{B906BEC8-0745-4E9A-8488-3D84DCB7A9F2}.Release|x86.ActiveCfg = Release|Win32
		{B906BEC8-0745-4E9A-8488-3D84DCB7A9F2}.Release|x86.Build.0 = Release|Win32
	EndGlobalSection
	GlobalSection(SolutionProperties) = preSolution
		HideSolutionNode = FALSE
	EndGlobalSection
	GlobalSection(ExtensibilityGlobals) = postSolution
		SolutionGuid = {CA729B4E-C87B-45BC-96D5-6AF0E14616E1}
	EndGlobalSection
EndGlobal
